
Microsoft Visual Studio Solution File, Format Version 12.00
# Visual Studio Version 16
VisualStudioVersion = 16.0.30406.217
MinimumVisualStudioVersion = 10.0.40219.1
Project("{FAE04EC0-301F-11D3-BF4B-00C04F79EFBC}") = "OOPExample", "OOPExample.csproj", "{04537C15-25B6-451E-A72F-BE2BE01AA41F}"
EndProject
Global
	GlobalSection(SolutionConfigurationPlatforms) = preSolution
		Debug|Any CPU = Debug|Any CPU
		Release|Any CPU = Release|Any CPU
	EndGlobalSection
	GlobalSection(ProjectConfigurationPlatforms) = postSolution
		{04537C15-25B6-451E-A72F-BE2BE01AA41F}.Debug|Any CPU.ActiveCfg = Debug|Any CPU
		{04537C15-25B6-451E-A72F-BE2BE01AA41F}.Debug|Any CPU.Build.0 = Debug|Any CPU
		{04537C15-25B6-451E-A72F-BE2BE01AA41F}.Release|Any CPU.ActiveCfg = Release|Any CPU
		{04537C15-25B6-451E-A72F-BE2BE01AA41F}.Release|Any CPU.Build.0 = Release|Any CPU
	EndGlobalSection
	GlobalSection(SolutionProperties) = preSolution
		HideSolutionNode = FALSE
	EndGlobalSection
	GlobalSection(ExtensibilityGlobals) = postSolution
		SolutionGuid = {C2F73DA3-0A03-4A04-9438-FC892AFCC0EF}
	EndGlobalSection
EndGlobal
